{
  "requires": true,
  "lockfileVersion": 1,
  "dependencies": {
    "@types/node": {
      "version": "12.12.18",
      "resolved": "https://registry.npmjs.org/@types/node/-/node-12.12.18.tgz",
      "integrity": "sha512-DBkZuIMFuAfjJHiunyRc+aNvmXYNwV1IPMgGKGlwCp6zh6MKrVtmvjSWK/axWcD25KJffkXgkfvFra8ndenXAw=="
    }
  }
}
